
Microsoft Visual Studio Solution File, Format Version 12.00
# Visual Studio Version 17
VisualStudioVersion = 17.6.33815.320
MinimumVisualStudioVersion = 10.0.40219.1
Project("{FAE04EC0-301F-11D3-BF4B-00C04F79EFBC}") = "WichtelApp", "WichtelApp.csproj", "{6DC9AE71-7E90-45D7-BAA4-7A2E2171CA6F}"
EndProject
Global
	GlobalSection(SolutionConfigurationPlatforms) = preSolution
		Debug|Any CPU = Debug|Any CPU
		Release|Any CPU = Release|Any CPU
	EndGlobalSection
	GlobalSection(ProjectConfigurationPlatforms) = postSolution
		{6DC9AE71-7E90-45D7-BAA4-7A2E2171CA6F}.Debug|Any CPU.ActiveCfg = Debug|Any CPU
		{6DC9AE71-7E90-45D7-BAA4-7A2E2171CA6F}.Debug|Any CPU.Build.0 = Debug|Any CPU
		{6DC9AE71-7E90-45D7-BAA4-7A2E2171CA6F}.Release|Any CPU.ActiveCfg = Release|Any CPU
		{6DC9AE71-7E90-45D7-BAA4-7A2E2171CA6F}.Release|Any CPU.Build.0 = Release|Any CPU
	EndGlobalSection
	GlobalSection(SolutionProperties) = preSolution
		HideSolutionNode = FALSE
	EndGlobalSection
	GlobalSection(ExtensibilityGlobals) = postSolution
		SolutionGuid = {B27FCE27-A715-47E9-B3D0-3EE7CFF28EFB}
	EndGlobalSection
EndGlobal
